// !$*UTF8*$!
{
	archiveVersion = 1;
	classes = {
	};
	objectVersion = 48;
	objects = {

/* Begin PBXBuildFile section */
		1AED120F1FBC4489003D578B /* AppDelegate.m in Sources */ = {isa = PBXBuildFile; fileRef = 1AED120E1FBC4489003D578B /* AppDelegate.m */; };
		1AED12121FBC4489003D578B /* ViewController.m in Sources */ = {isa = PBXBuildFile; fileRef = 1AED12111FBC4489003D578B /* ViewController.m */; };
		1AED12151FBC4489003D578B /* Main.storyboard in Resources */ = {isa = PBXBuildFile; fileRef = 1AED12131FBC4489003D578B /* Main.storyboard */; };
		1AED12171FBC4489003D578B /* Assets.xcassets in Resources */ = {isa = PBXBuildFile; fileRef = 1AED12161FBC4489003D578B /* Assets.xcassets */; };
		1AED121A1FBC4489003D578B /* LaunchScreen.storyboard in Resources */ = {isa = PBXBuildFile; fileRef = 1AED12181FBC4489003D578B /* LaunchScreen.storyboard */; };
		1AED121D1FBC4489003D578B /* main.m in Sources */ = {isa = PBXBuildFile; fileRef = 1AED121C1FBC4489003D578B /* main.m */; };
		1AED12271FBC4489003D578B /* FFMpeguseTests.m in Sources */ = {isa = PBXBuildFile; fileRef = 1AED12261FBC4489003D578B /* FFMpeguseTests.m */; };
		1AED12321FBC4489003D578B /* FFMpeguseUITests.m in Sources */ = {isa = PBXBuildFile; fileRef = 1AED12311FBC4489003D578B /* FFMpeguseUITests.m */; };
/* End PBXBuildFile section */

/* Begin PBXContainerItemProxy section */
		1AED12231FBC4489003D578B /* PBXContainerItemProxy */ = {
			isa = PBXContainerItemProxy;
			containerPortal = 1AED12021FBC4489003D578B /* Project object */;
			proxyType = 1;
			remoteGlobalIDString = 1AED12091FBC4489003D578B;
			remoteInfo = FFMpeguse;
		};
		1AED122E1FBC4489003D578B /* PBXContainerItemProxy */ = {
			isa = PBXContainerItemProxy;
			containerPortal = 1AED12021FBC4489003D578B /* Project object */;
			proxyType = 1;
			remoteGlobalIDString = 1AED12091FBC4489003D578B;
			remoteInfo = FFMpeguse;
		};
/* End PBXContainerItemProxy section */

/* Begin PBXFileReference section */
		1AED120A1FBC4489003D578B /* FFMpeguse.app */ = {isa = PBXFileReference; explicitFileType = wrapper.application; includeInIndex = 0; path = FFMpeguse.app; sourceTree = BUILT_PRODUCTS_DIR; };
		1AED120D1FBC4489003D578B /* AppDelegate.h */ = {isa = PBXFileReference; lastKnownFileType = sourcecode.c.h; path = AppDelegate.h; sourceTree = "<group>"; };
		1AED120E1FBC4489003D578B /* AppDelegate.m */ = {isa = PBXFileReference; lastKnownFileType = sourcecode.c.objc; path = AppDelegate.m; sourceTree = "<group>"; };
		1AED12101FBC4489003D578B /* ViewController.h */ = {isa = PBXFileReference; lastKnownFileType = sourcecode.c.h; path = ViewController.h; sourceTree = "<group>"; };
		1AED12111FBC4489003D578B /* ViewController.m */ = {isa = PBXFileReference; lastKnownFileType = sourcecode.c.objc; path = ViewController.m; sourceTree = "<group>"; };
		1AED12141FBC4489003D578B /* Base */ = {isa = PBXFileReference; lastKnownFileType = file.storyboard; name = Base; path = Base.lproj/Main.storyboard; sourceTree = "<group>"; };
		1AED12161FBC4489003D578B /* Assets.xcassets */ = {isa = PBXFileReference; lastKnownFileType = folder.assetcatalog; path = Assets.xcassets; sourceTree = "<group>"; };
		1AED12191FBC4489003D578B /* Base */ = {isa = PBXFileReference; lastKnownFileType = file.storyboard; name = Base; path = Base.lproj/LaunchScreen.storyboard; sourceTree = "<group>"; };
		1AED121B1FBC4489003D578B /* Info.plist */ = {isa = PBXFileReference; lastKnownFileType = text.plist.xml; path = Info.plist; sourceTree = "<group>"; };
		1AED121C1FBC4489003D578B /* main.m */ = {isa = PBXFileReference; lastKnownFileType = sourcecode.c.objc; path = main.m; sourceTree = "<group>"; };
		1AED12221FBC4489003D578B /* FFMpeguseTests.xctest */ = {isa = PBXFileReference; explicitFileType = wrapper.cfbundle; includeInIndex = 0; path = FFMpeguseTests.xctest; sourceTree = BUILT_PRODUCTS_DIR; };
		1AED12261FBC4489003D578B /* FFMpeguseTests.m */ = {isa = PBXFileReference; lastKnownFileType = sourcecode.c.objc; path = FFMpeguseTests.m; sourceTree = "<group>"; };
		1AED12281FBC4489003D578B /* Info.plist */ = {isa = PBXFileReference; lastKnownFileType = text.plist.xml; path = Info.plist; sourceTree = "<group>"; };
		1AED122D1FBC4489003D578B /* FFMpeguseUITests.xctest */ = {isa = PBXFileReference; explicitFileType = wrapper.cfbundle; includeInIndex = 0; path = FFMpeguseUITests.xctest; sourceTree = BUILT_PRODUCTS_DIR; };
		1AED12311FBC4489003D578B /* FFMpeguseUITests.m */ = {isa = PBXFileReference; lastKnownFileType = sourcecode.c.objc; path = FFMpeguseUITests.m; sourceTree = "<group>"; };
		1AED12331FBC4489003D578B /* Info.plist */ = {isa = PBXFileReference; lastKnownFileType = text.plist.xml; path = Info.plist; sourceTree = "<group>"; };
/* End PBXFileReference section */

/* Begin PBXFrameworksBuildPhase section */
		1AED12071FBC4489003D578B /* Frameworks */ = {
			isa = PBXFrameworksBuildPhase;
			buildActionMask = 2147483647;
			files = (
			);
			runOnlyForDeploymentPostprocessing = 0;
		};
		1AED121F1FBC4489003D578B /* Frameworks */ = {
			isa = PBXFrameworksBuildPhase;
			buildActionMask = 2147483647;
			files = (
			);
			runOnlyForDeploymentPostprocessing = 0;
		};
		1AED122A1FBC4489003D578B /* Frameworks */ = {
			isa = PBXFrameworksBuildPhase;
			buildActionMask = 2147483647;
			files = (
			);
			runOnlyForDeploymentPostprocessing = 0;
		};
/* End PBXFrameworksBuildPhase section */

/* Begin PBXGroup section */
		1AED12011FBC4489003D578B = {
			isa = PBXGroup;
			children = (
				1AED120C1FBC4489003D578B /* FFMpeguse */,
				1AED12251FBC4489003D578B /* FFMpeguseTests */,
				1AED12301FBC4489003D578B /* FFMpeguseUITests */,
				1AED120B1FBC4489003D578B /* Products */,
			);
			sourceTree = "<group>";
		};
		1AED120B1FBC4489003D578B /* Products */ = {
			isa = PBXGroup;
			children = (
				1AED120A1FBC4489003D578B /* FFMpeguse.app */,
				1AED12221FBC4489003D578B /* FFMpeguseTests.xctest */,
				1AED122D1FBC4489003D578B /* FFMpeguseUITests.xctest */,
			);
			name = Products;
			sourceTree = "<group>";
		};
		1AED120C1FBC4489003D578B /* FFMpeguse */ = {
			isa = PBXGroup;
			children = (
				1AED120D1FBC4489003D578B /* AppDelegate.h */,
				1AED120E1FBC4489003D578B /* AppDelegate.m */,
				1AED12101FBC4489003D578B /* ViewController.h */,
				1AED12111FBC4489003D578B /* ViewController.m */,
				1AED12131FBC4489003D578B /* Main.storyboard */,
				1AED12161FBC4489003D578B /* Assets.xcassets */,
				1AED12181FBC4489003D578B /* LaunchScreen.storyboard */,
				1AED121B1FBC4489003D578B /* Info.plist */,
				1AED121C1FBC4489003D578B /* main.m */,
			);
			path = FFMpeguse;
			sourceTree = "<group>";
		};
		1AED12251FBC4489003D578B /* FFMpeguseTests */ = {
			isa = PBXGroup;
			children = (
				1AED12261FBC4489003D578B /* FFMpeguseTests.m */,
				1AED12281FBC4489003D578B /* Info.plist */,
			);
			path = FFMpeguseTests;
			sourceTree = "<group>";
		};
		1AED12301FBC4489003D578B /* FFMpeguseUITests */ = {
			isa = PBXGroup;
			children = (
				1AED12311FBC4489003D578B /* FFMpeguseUITests.m */,
				1AED12331FBC4489003D578B /* Info.plist */,
			);
			path = FFMpeguseUITests;
			sourceTree = "<group>";
		};
/* End PBXGroup section */

/* Begin PBXNativeTarget section */
		1AED12091FBC4489003D578B /* FFMpeguse */ = {
			isa = PBXNativeTarget;
			buildConfigurationList = 1AED12361FBC4489003D578B /* Build configuration list for PBXNativeTarget "FFMpeguse" */;
			buildPhases = (
				1AED12061FBC4489003D578B /* Sources */,
				1AED12071FBC4489003D578B /* Frameworks */,
				1AED12081FBC4489003D578B /* Resources */,
			);
			buildRules = (
			);
			dependencies = (
			);
			name = FFMpeguse;
			productName = FFMpeguse;
			productReference = 1AED120A1FBC4489003D578B /* FFMpeguse.app */;
			productType = "com.apple.product-type.application";
		};
		1AED12211FBC4489003D578B /* FFMpeguseTests */ = {
			isa = PBXNativeTarget;
			buildConfigurationList = 1AED12391FBC4489003D578B /* Build configuration list for PBXNativeTarget "FFMpeguseTests" */;
			buildPhases = (
				1AED121E1FBC4489003D578B /* Sources */,
				1AED121F1FBC4489003D578B /* Frameworks */,
				1AED12201FBC4489003D578B /* Resources */,
			);
			buildRules = (
			);
			dependencies = (
				1AED12241FBC4489003D578B /* PBXTargetDependency */,
			);
			name = FFMpeguseTests;
			productName = FFMpeguseTests;
			productReference = 1AED12221FBC4489003D578B /* FFMpeguseTests.xctest */;
			productType = "com.apple.product-type.bundle.unit-test";
		};
		1AED122C1FBC4489003D578B /* FFMpeguseUITests */ = {
			isa = PBXNativeTarget;
			buildConfigurationList = 1AED123C1FBC4489003D578B /* Build configuration list for PBXNativeTarget "FFMpeguseUITests" */;
			buildPhases = (
				1AED12291FBC4489003D578B /* Sources */,
				1AED122A1FBC4489003D578B /* Frameworks */,
				1AED122B1FBC4489003D578B /* Resources */,
			);
			buildRules = (
			);
			dependencies = (
				1AED122F1FBC4489003D578B /* PBXTargetDependency */,
			);
			name = FFMpeguseUITests;
			productName = FFMpeguseUITests;
			productReference = 1AED122D1FBC4489003D578B /* FFMpeguseUITests.xctest */;
			productType = "com.apple.product-type.bundle.ui-testing";
		};
/* End PBXNativeTarget section */

/* Begin PBXProject section */
		1AED12021FBC4489003D578B /* Project object */ = {
			isa = PBXProject;
			attributes = {
				LastUpgradeCheck = 0910;
				ORGANIZATIONNAME = Abe_liu;
				TargetAttributes = {
					1AED12091FBC4489003D578B = {
						CreatedOnToolsVersion = 9.1;
						ProvisioningStyle = Automatic;
					};
					1AED12211FBC4489003D578B = {
						CreatedOnToolsVersion = 9.1;
						ProvisioningStyle = Automatic;
						TestTargetID = 1AED12091FBC4489003D578B;
					};
					1AED122C1FBC4489003D578B = {
						CreatedOnToolsVersion = 9.1;
						ProvisioningStyle = Automatic;
						TestTargetID = 1AED12091FBC4489003D578B;
					};
				};
			};
			buildConfigurationList = 1AED12051FBC4489003D578B /* Build configuration list for PBXProject "FFMpeguse" */;
			compatibilityVersion = "Xcode 8.0";
			developmentRegion = en;
			hasScannedForEncodings = 0;
			knownRegions = (
				en,
				Base,
			);
			mainGroup = 1AED12011FBC4489003D578B;
			productRefGroup = 1AED120B1FBC4489003D578B /* Products */;
			projectDirPath = "";
			projectRoot = "";
			targets = (
				1AED12091FBC4489003D578B /* FFMpeguse */,
				1AED12211FBC4489003D578B /* FFMpeguseTests */,
				1AED122C1FBC4489003D578B /* FFMpeguseUITests */,
			);
		};
/* End PBXProject section */

/* Begin PBXResourcesBuildPhase section */
		1AED12081FBC4489003D578B /* Resources */ = {
			isa = PBXResourcesBuildPhase;
			buildActionMask = 2147483647;
			files = (
				1AED121A1FBC4489003D578B /* LaunchScreen.storyboard in Resources */,
				1AED12171FBC4489003D578B /* Assets.xcassets in Resources */,
				1AED12151FBC4489003D578B /* Main.storyboard in Resources */,
			);
			runOnlyForDeploymentPostprocessing = 0;
		};
		1AED12201FBC4489003D578B /* Resources */ = {
			isa = PBXResourcesBuildPhase;
			buildActionMask = 2147483647;
			files = (
			);
			runOnlyForDeploymentPostprocessing = 0;
		};
		1AED122B1FBC4489003D578B /* Resources */ = {
			isa = PBXResourcesBuildPhase;
			buildActionMask = 2147483647;
			files = (
			);
			runOnlyForDeploymentPostprocessing = 0;
		};
/* End PBXResourcesBuildPhase section */

/* Begin PBXSourcesBuildPhase section */
		1AED12061FBC4489003D578B /* Sources */ = {
			isa = PBXSourcesBuildPhase;
			buildActionMask = 2147483647;
			files = (
				1AED12121FBC4489003D578B /* ViewController.m in Sources */,
				1AED121D1FBC4489003D578B /* main.m in Sources */,
				1AED120F1FBC4489003D578B /* AppDelegate.m in Sources */,
			);
			runOnlyForDeploymentPostprocessing = 0;
		};
		1AED121E1FBC4489003D578B /* Sources */ = {
			isa = PBXSourcesBuildPhase;
			buildActionMask = 2147483647;
			files = (
				1AED12271FBC4489003D578B /* FFMpeguseTests.m in Sources */,
			);
			runOnlyForDeploymentPostprocessing = 0;
		};
		1AED12291FBC4489003D578B /* Sources */ = {
			isa = PBXSourcesBuildPhase;
			buildActionMask = 2147483647;
			files = (
				1AED12321FBC4489003D578B /* FFMpeguseUITests.m in Sources */,
			);
			runOnlyForDeploymentPostprocessing = 0;
		};
/* End PBXSourcesBuildPhase section */

/* Begin PBXTargetDependency section */
		1AED12241FBC4489003D578B /* PBXTargetDependency */ = {
			isa = PBXTargetDependency;
			target = 1AED12091FBC4489003D578B /* FFMpeguse */;
			targetProxy = 1AED12231FBC4489003D578B /* PBXContainerItemProxy */;
		};
		1AED122F1FBC4489003D578B /* PBXTargetDependency */ = {
			isa = PBXTargetDependency;
			target = 1AED12091FBC4489003D578B /* FFMpeguse */;
			targetProxy = 1AED122E1FBC4489003D578B /* PBXContainerItemProxy */;
		};
/* End PBXTargetDependency section */

/* Begin PBXVariantGroup section */
		1AED12131FBC4489003D578B /* Main.storyboard */ = {
			isa = PBXVariantGroup;
			children = (
				1AED12141FBC4489003D578B /* Base */,
			);
			name = Main.storyboard;
			sourceTree = "<group>";
		};
		1AED12181FBC4489003D578B /* LaunchScreen.storyboard */ = {
			isa = PBXVariantGroup;
			children = (
				1AED12191FBC4489003D578B /* Base */,
			);
			name = LaunchScreen.storyboard;
			sourceTree = "<group>";
		};
/* End PBXVariantGroup section */

/* Begin XCBuildConfiguration section */
		1AED12341FBC4489003D578B /* Debug */ = {
			isa = XCBuildConfiguration;
			buildSettings = {
				ALWAYS_SEARCH_USER_PATHS = NO;
				CLANG_ANALYZER_NONNULL = YES;
				CLANG_ANALYZER_NUMBER_OBJECT_CONVERSION = YES_AGGRESSIVE;
				CLANG_CXX_LANGUAGE_STANDARD = "gnu++14";
				CLANG_CXX_LIBRARY = "libc++";
				CLANG_ENABLE_MODULES = YES;
				CLANG_ENABLE_OBJC_ARC = YES;
				CLANG_WARN_BLOCK_CAPTURE_AUTORELEASING = YES;
				CLANG_WARN_BOOL_CONVERSION = YES;
				CLANG_WARN_COMMA = YES;
				CLANG_WARN_CONSTANT_CONVERSION = YES;
				CLANG_WARN_DIRECT_OBJC_ISA_USAGE = YES_ERROR;
				CLANG_WARN_DOCUMENTATION_COMMENTS = YES;
				CLANG_WARN_EMPTY_BODY = YES;
				CLANG_WARN_ENUM_CONVERSION = YES;
				CLANG_WARN_INFINITE_RECURSION = YES;
				CLANG_WARN_INT_CONVERSION = YES;
				CLANG_WARN_NON_LITERAL_NULL_CONVERSION = YES;
				CLANG_WARN_OBJC_LITERAL_CONVERSION = YES;
				CLANG_WARN_OBJC_ROOT_CLASS = YES_ERROR;
				CLANG_WARN_RANGE_LOOP_ANALYSIS = YES;
				CLANG_WARN_STRICT_PROTOTYPES = YES;
				CLANG_WARN_SUSPICIOUS_MOVE = YES;
				CLANG_WARN_UNGUARDED_AVAILABILITY = YES_AGGRESSIVE;
				CLANG_WARN_UNREACHABLE_CODE = YES;
				CLANG_WARN__DUPLICATE_METHOD_MATCH = YES;
				CODE_SIGN_IDENTITY = "iPhone Developer";
				COPY_PHASE_STRIP = NO;
				DEBUG_INFORMATION_FORMAT = dwarf;
				ENABLE_STRICT_OBJC_MSGSEND = YES;
				ENABLE_TESTABILITY = YES;
				GCC_C_LANGUAGE_STANDARD = gnu11;
				GCC_DYNAMIC_NO_PIC = NO;
				GCC_NO_COMMON_BLOCKS = YES;
				GCC_OPTIMIZATION_LEVEL = 0;
				GCC_PREPROCESSOR_DEFINITIONS = (
					"DEBUG=1",
					"$(inherited)",
				);
				GCC_WARN_64_TO_32_BIT_CONVERSION = YES;
				GCC_WARN_ABOUT_RETURN_TYPE = YES_ERROR;
				GCC_WARN_UNDECLARED_SELECTOR = YES;
				GCC_WARN_UNINITIALIZED_AUTOS = YES_AGGRESSIVE;
				GCC_WARN_UNUSED_FUNCTION = YES;
				GCC_WARN_UNUSED_VARIABLE = YES;
				IPHONEOS_DEPLOYMENT_TARGET = 11.1;
				MTL_ENABLE_DEBUG_INFO = YES;
				ONLY_ACTIVE_ARCH = YES;
				SDKROOT = iphoneos;
			};
			name = Debug;
		};
		1AED12351FBC4489003D578B /* Release */ = {
			isa = XCBuildConfiguration;
			buildSettings = {
				ALWAYS_SEARCH_USER_PATHS = NO;
				CLANG_ANALYZER_NONNULL = YES;
				CLANG_ANALYZER_NUMBER_OBJECT_CONVERSION = YES_AGGRESSIVE;
				CLANG_CXX_LANGUAGE_STANDARD = "gnu++14";
				CLANG_CXX_LIBRARY = "libc++";
				CLANG_ENABLE_MODULES = YES;
				CLANG_ENABLE_OBJC_ARC = YES;
				CLANG_WARN_BLOCK_CAPTURE_AUTORELEASING = YES;
				CLANG_WARN_BOOL_CONVERSION = YES;
				CLANG_WARN_COMMA = YES;
				CLANG_WARN_CONSTANT_CONVERSION = YES;
				CLANG_WARN_DIRECT_OBJC_ISA_USAGE = YES_ERROR;
				CLANG_WARN_DOCUMENTATION_COMMENTS = YES;
				CLANG_WARN_EMPTY_BODY = YES;
				CLANG_WARN_ENUM_CONVERSION = YES;
				CLANG_WARN_INFINITE_RECURSION = YES;
				CLANG_WARN_INT_CONVERSION = YES;
				CLANG_WARN_NON_LITERAL_NULL_CONVERSION = YES;
				CLANG_WARN_OBJC_LITERAL_CONVERSION = YES;
				CLANG_WARN_OBJC_ROOT_CLASS = YES_ERROR;
				CLANG_WARN_RANGE_LOOP_ANALYSIS = YES;
				CLANG_WARN_STRICT_PROTOTYPES = YES;
				CLANG_WARN_SUSPICIOUS_MOVE = YES;
				CLANG_WARN_UNGUARDED_AVAILABILITY = YES_AGGRESSIVE;
				CLANG_WARN_UNREACHABLE_CODE = YES;
				CLANG_WARN__DUPLICATE_METHOD_MATCH = YES;
				CODE_SIGN_IDENTITY = "iPhone Developer";
				COPY_PHASE_STRIP = NO;
				DEBUG_INFORMATION_FORMAT = "dwarf-with-dsym";
				ENABLE_NS_ASSERTIONS = NO;
				ENABLE_STRICT_OBJC_MSGSEND = YES;
				GCC_C_LANGUAGE_STANDARD = gnu11;
				GCC_NO_COMMON_BLOCKS = YES;
				GCC_WARN_64_TO_32_BIT_CONVERSION = YES;
				GCC_WARN_ABOUT_RETURN_TYPE = YES_ERROR;
				GCC_WARN_UNDECLARED_SELECTOR = YES;
				GCC_WARN_UNINITIALIZED_AUTOS = YES_AGGRESSIVE;
				GCC_WARN_UNUSED_FUNCTION = YES;
				GCC_WARN_UNUSED_VARIABLE = YES;
				IPHONEOS_DEPLOYMENT_TARGET = 11.1;
				MTL_ENABLE_DEBUG_INFO = NO;
				SDKROOT = iphoneos;
				VALIDATE_PRODUCT = YES;
			};
			name = Release;
		};
		1AED12371FBC4489003D578B /* Debug */ = {
			isa = XCBuildConfiguration;
			buildSettings = {
				ASSETCATALOG_COMPILER_APPICON_NAME = AppIcon;
				CODE_SIGN_STYLE = Automatic;
				DEVELOPMENT_TEAM = 2H4RKPV33W;
				INFOPLIST_FILE = FFMpeguse/Info.plist;
				LD_RUNPATH_SEARCH_PATHS = "$(inherited) @executable_path/Frameworks";
				PRODUCT_BUNDLE_IDENTIFIER = com.Abe.FFMpeguse;
				PRODUCT_NAME = "$(TARGET_NAME)";
				TARGETED_DEVICE_FAMILY = "1,2";
			};
			name = Debug;
		};
		1AED12381FBC4489003D578B /* Release */ = {
			isa = XCBuildConfiguration;
			buildSettings = {
				ASSETCATALOG_COMPILER_APPICON_NAME = AppIcon;
				CODE_SIGN_STYLE = Automatic;
				DEVELOPMENT_TEAM = 2H4RKPV33W;
				INFOPLIST_FILE = FFMpeguse/Info.plist;
				LD_RUNPATH_SEARCH_PATHS = "$(inherited) @executable_path/Frameworks";
				PRODUCT_BUNDLE_IDENTIFIER = com.Abe.FFMpeguse;
				PRODUCT_NAME = "$(TARGET_NAME)";
				TARGETED_DEVICE_FAMILY = "1,2";
			};
			name = Release;
		};
		1AED123A1FBC4489003D578B /* Debug */ = {
			isa = XCBuildConfiguration;
			buildSettings = {
				BUNDLE_LOADER = "$(TEST_HOST)";
				CODE_SIGN_STYLE = Automatic;
				DEVELOPMENT_TEAM = 2H4RKPV33W;
				INFOPLIST_FILE = FFMpeguseTests/Info.plist;
				LD_RUNPATH_SEARCH_PATHS = "$(inherited) @executable_path/Frameworks @loader_path/Frameworks";
				PRODUCT_BUNDLE_IDENTIFIER = com.Abe.FFMpeguseTests;
				PRODUCT_NAME = "$(TARGET_NAME)";
				TARGETED_DEVICE_FAMILY = "1,2";
				TEST_HOST = "$(BUILT_PRODUCTS_DIR)/FFMpeguse.app/FFMpeguse";
			};
			name = Debug;
		};
		1AED123B1FBC4489003D578B /* Release */ = {
			isa = XCBuildConfiguration;
			buildSettings = {
				BUNDLE_LOADER = "$(TEST_HOST)";
				CODE_SIGN_STYLE = Automatic;
				DEVELOPMENT_TEAM = 2H4RKPV33W;
				INFOPLIST_FILE = FFMpeguseTests/Info.plist;
				LD_RUNPATH_SEARCH_PATHS = "$(inherited) @executable_path/Frameworks @loader_path/Frameworks";
				PRODUCT_BUNDLE_IDENTIFIER = com.Abe.FFMpeguseTests;
				PRODUCT_NAME = "$(TARGET_NAME)";
				TARGETED_DEVICE_FAMILY = "1,2";
				TEST_HOST = "$(BUILT_PRODUCTS_DIR)/FFMpeguse.app/FFMpeguse";
			};
			name = Release;
		};
		1AED123D1FBC4489003D578B /* Debug */ = {
			isa = XCBuildConfiguration;
			buildSettings = {
				CODE_SIGN_STYLE = Automatic;
				DEVELOPMENT_TEAM = 2H4RKPV33W;
				INFOPLIST_FILE = FFMpeguseUITests/Info.plist;
				LD_RUNPATH_SEARCH_PATHS = "$(inherited) @executable_path/Frameworks @loader_path/Frameworks";
				PRODUCT_BUNDLE_IDENTIFIER = com.Abe.FFMpeguseUITests;
				PRODUCT_NAME = "$(TARGET_NAME)";
				TARGETED_DEVICE_FAMILY = "1,2";
				TEST_TARGET_NAME = FFMpeguse;
			};
			name = Debug;
		};
		1AED123E1FBC4489003D578B /* Release */ = {
			isa = XCBuildConfiguration;
			buildSettings = {
				CODE_SIGN_STYLE = Automatic;
				DEVELOPMENT_TEAM = 2H4RKPV33W;
				INFOPLIST_FILE = FFMpeguseUITests/Info.plist;
				LD_RUNPATH_SEARCH_PATHS = "$(inherited) @executable_path/Frameworks @loader_path/Frameworks";
				PRODUCT_BUNDLE_IDENTIFIER = com.Abe.FFMpeguseUITests;
				PRODUCT_NAME = "$(TARGET_NAME)";
				TARGETED_DEVICE_FAMILY = "1,2";
				TEST_TARGET_NAME = FFMpeguse;
			};
			name = Release;
		};
/* End XCBuildConfiguration section */

/* Begin XCConfigurationList section */
		1AED12051FBC4489003D578B /* Build configuration list for PBXProject "FFMpeguse" */ = {
			isa = XCConfigurationList;
			buildConfigurations = (
				1AED12341FBC4489003D578B /* Debug */,
				1AED12351FBC4489003D578B /* Release */,
			);
			defaultConfigurationIsVisible = 0;
			defaultConfigurationName = Release;
		};
		1AED12361FBC4489003D578B /* Build configuration list for PBXNativeTarget "FFMpeguse" */ = {
			isa = XCConfigurationList;
			buildConfigurations = (
				1AED12371FBC4489003D578B /* Debug */,
				1AED12381FBC4489003D578B /* Release */,
			);
			defaultConfigurationIsVisible = 0;
			defaultConfigurationName = Release;
		};
		1AED12391FBC4489003D578B /* Build configuration list for PBXNativeTarget "FFMpeguseTests" */ = {
			isa = XCConfigurationList;
			buildConfigurations = (
				1AED123A1FBC4489003D578B /* Debug */,
				1AED123B1FBC4489003D578B /* Release */,
			);
			defaultConfigurationIsVisible = 0;
			defaultConfigurationName = Release;
		};
		1AED123C1FBC4489003D578B /* Build configuration list for PBXNativeTarget "FFMpeguseUITests" */ = {
			isa = XCConfigurationList;
			buildConfigurations = (
				1AED123D1FBC4489003D578B /* Debug */,
				1AED123E1FBC4489003D578B /* Release */,
			);
			defaultConfigurationIsVisible = 0;
			defaultConfigurationName = Release;
		};
/* End XCConfigurationList section */
	};
	rootObject = 1AED12021FBC4489003D578B /* Project object */;
}
